
Microsoft Visual Studio Solution File, Format Version 12.00
# Visual Studio 14
VisualStudioVersion = 14.0.25420.1
MinimumVisualStudioVersion = 10.0.40219.1
Project("{FAE04EC0-301F-11D3-BF4B-00C04F79EFBC}") = "画图", "画图\画图.csproj", "{85D29DDE-469B-4C26-A9F3-D74A188E83CC}"
EndProject
Global
	GlobalSection(SolutionConfigurationPlatforms) = preSolution
		Debug|ARM = Debug|ARM
		Debug|x64 = Debug|x64
		Debug|x86 = Debug|x86
		Release|ARM = Release|ARM
		Release|x64 = Release|x64
		Release|x86 = Release|x86
	EndGlobalSection
	GlobalSection(ProjectConfigurationPlatforms) = postSolution
		{85D29DDE-469B-4C26-A9F3-D74A188E83CC}.Debug|ARM.ActiveCfg = Debug|ARM
		{85D29DDE-469B-4C26-A9F3-D74A188E83CC}.Debug|ARM.Build.0 = Debug|ARM
		{85D29DDE-469B-4C26-A9F3-D74A188E83CC}.Debug|ARM.Deploy.0 = Debug|ARM
		{85D29DDE-469B-4C26-A9F3-D74A188E83CC}.Debug|x64.ActiveCfg = Debug|x64
		{85D29DDE-469B-4C26-A9F3-D74A188E83CC}.Debug|x64.Build.0 = Debug|x64
		{85D29DDE-469B-4C26-A9F3-D74A188E83CC}.Debug|x64.Deploy.0 = Debug|x64
		{85D29DDE-469B-4C26-A9F3-D74A188E83CC}.Debug|x86.ActiveCfg = Debug|x86
		{85D29DDE-469B-4C26-A9F3-D74A188E83CC}.Debug|x86.Build.0 = Debug|x86
		{85D29DDE-469B-4C26-A9F3-D74A188E83CC}.Debug|x86.Deploy.0 = Debug|x86
		{85D29DDE-469B-4C26-A9F3-D74A188E83CC}.Release|ARM.ActiveCfg = Release|ARM
		{85D29DDE-469B-4C26-A9F3-D74A188E83CC}.Release|ARM.Build.0 = Release|ARM
		{85D29DDE-469B-4C26-A9F3-D74A188E83CC}.Release|ARM.Deploy.0 = Release|ARM
		{85D29DDE-469B-4C26-A9F3-D74A188E83CC}.Release|x64.ActiveCfg = Release|x64
		{85D29DDE-469B-4C26-A9F3-D74A188E83CC}.Release|x64.Build.0 = Release|x64
		{85D29DDE-469B-4C26-A9F3-D74A188E83CC}.Release|x64.Deploy.0 = Release|x64
		{85D29DDE-469B-4C26-A9F3-D74A188E83CC}.Release|x86.ActiveCfg = Release|x86
		{85D29DDE-469B-4C26-A9F3-D74A188E83CC}.Release|x86.Build.0 = Release|x86
		{85D29DDE-469B-4C26-A9F3-D74A188E83CC}.Release|x86.Deploy.0 = Release|x86
	EndGlobalSection
	GlobalSection(SolutionProperties) = preSolution
		HideSolutionNode = FALSE
	EndGlobalSection
EndGlobal
